
Microsoft Visual Studio Solution File, Format Version 12.00
# Visual Studio 14
VisualStudioVersion = 14.0.24720.0
MinimumVisualStudioVersion = 10.0.40219.1
Project("{FAE04EC0-301F-11D3-BF4B-00C04F79EFBC}") = "CBS", "CBS\CBS.csproj", "{CA2BD901-BD37-4591-BB8A-CB06B53EAA76}"
EndProject
Project("{FAE04EC0-301F-11D3-BF4B-00C04F79EFBC}") = "CBSTests", "CBSTests\CBSTests.csproj", "{7135A3FC-513C-4BDF-BF7C-150DFDCE6E04}"
EndProject
Project("{FAE04EC0-301F-11D3-BF4B-00C04F79EFBC}") = "CBSSqlRepositories", "CBSSqlRepositories\CBSSqlRepositories.csproj", "{B5AAD778-346F-4121-8DBD-3B8ABDA1D45C}"
EndProject
Global
	GlobalSection(SolutionConfigurationPlatforms) = preSolution
		Debug|Any CPU = Debug|Any CPU
		Release|Any CPU = Release|Any CPU
	EndGlobalSection
	GlobalSection(ProjectConfigurationPlatforms) = postSolution
		{CA2BD901-BD37-4591-BB8A-CB06B53EAA76}.Debug|Any CPU.ActiveCfg = Debug|Any CPU
		{CA2BD901-BD37-4591-BB8A-CB06B53EAA76}.Debug|Any CPU.Build.0 = Debug|Any CPU
		{CA2BD901-BD37-4591-BB8A-CB06B53EAA76}.Release|Any CPU.ActiveCfg = Release|Any CPU
		{CA2BD901-BD37-4591-BB8A-CB06B53EAA76}.Release|Any CPU.Build.0 = Release|Any CPU
		{7135A3FC-513C-4BDF-BF7C-150DFDCE6E04}.Debug|Any CPU.ActiveCfg = Debug|Any CPU
		{7135A3FC-513C-4BDF-BF7C-150DFDCE6E04}.Debug|Any CPU.Build.0 = Debug|Any CPU
		{7135A3FC-513C-4BDF-BF7C-150DFDCE6E04}.Release|Any CPU.ActiveCfg = Release|Any CPU
		{7135A3FC-513C-4BDF-BF7C-150DFDCE6E04}.Release|Any CPU.Build.0 = Release|Any CPU
		{B5AAD778-346F-4121-8DBD-3B8ABDA1D45C}.Debug|Any CPU.ActiveCfg = Debug|Any CPU
		{B5AAD778-346F-4121-8DBD-3B8ABDA1D45C}.Debug|Any CPU.Build.0 = Debug|Any CPU
		{B5AAD778-346F-4121-8DBD-3B8ABDA1D45C}.Release|Any CPU.ActiveCfg = Release|Any CPU
		{B5AAD778-346F-4121-8DBD-3B8ABDA1D45C}.Release|Any CPU.Build.0 = Release|Any CPU
	EndGlobalSection
	GlobalSection(SolutionProperties) = preSolution
		HideSolutionNode = FALSE
	EndGlobalSection
EndGlobal
